
Microsoft Visual Studio Solution File, Format Version 12.00
# Visual Studio Version 16
VisualStudioVersion = 16.0.30804.86
MinimumVisualStudioVersion = 10.0.40219.1
Project("{FAE04EC0-301F-11D3-BF4B-00C04F79EFBC}") = "SimpanelConnect", "SimpanelConnect.csproj", "{1DBE2AE9-0912-4E5D-9424-DEF669029C22}"
EndProject
Global
	GlobalSection(SolutionConfigurationPlatforms) = preSolution
		Debug|Any CPU = Debug|Any CPU
		Debug|x64 = Debug|x64
		Release|Any CPU = Release|Any CPU
		Release|x64 = Release|x64
	EndGlobalSection
	GlobalSection(ProjectConfigurationPlatforms) = postSolution
		{1DBE2AE9-0912-4E5D-9424-DEF669029C22}.Debug|Any CPU.ActiveCfg = Debug|Any CPU
		{1DBE2AE9-0912-4E5D-9424-DEF669029C22}.Debug|Any CPU.Build.0 = Debug|Any CPU
		{1DBE2AE9-0912-4E5D-9424-DEF669029C22}.Debug|x64.ActiveCfg = Debug|x64
		{1DBE2AE9-0912-4E5D-9424-DEF669029C22}.Debug|x64.Build.0 = Debug|x64
		{1DBE2AE9-0912-4E5D-9424-DEF669029C22}.Release|Any CPU.ActiveCfg = Release|Any CPU
		{1DBE2AE9-0912-4E5D-9424-DEF669029C22}.Release|Any CPU.Build.0 = Release|Any CPU
		{1DBE2AE9-0912-4E5D-9424-DEF669029C22}.Release|x64.ActiveCfg = Release|x64
		{1DBE2AE9-0912-4E5D-9424-DEF669029C22}.Release|x64.Build.0 = Release|x64
	EndGlobalSection
	GlobalSection(SolutionProperties) = preSolution
		HideSolutionNode = FALSE
	EndGlobalSection
	GlobalSection(ExtensibilityGlobals) = postSolution
		SolutionGuid = {AD3272A3-4B0A-44C0-92FA-14AECA169EC9}
	EndGlobalSection
EndGlobal
